// !$*UTF8*$!
{
	archiveVersion = 1;
	classes = {
	};
	objectVersion = 50;
	objects = {

/* Begin PBXBuildFile section */
		21C783D50A62C0D8B7279E04 /* Pods_eTreatMD_Exercise.framework in Frameworks */ = {isa = PBXBuildFile; fileRef = B4E2A3C534CD12C8311BF52C /* Pods_eTreatMD_Exercise.framework */; };
		822DC02C23329C350056D788 /* AppDelegate.swift in Sources */ = {isa = PBXBuildFile; fileRef = 822DC02B23329C350056D788 /* AppDelegate.swift */; };
		822DC03123329C350056D788 /* Main.storyboard in Resources */ = {isa = PBXBuildFile; fileRef = 822DC02F23329C350056D788 /* Main.storyboard */; };
		822DC03423329C350056D788 /* eTreatMD_Exercise.xcdatamodeld in Sources */ = {isa = PBXBuildFile; fileRef = 822DC03223329C350056D788 /* eTreatMD_Exercise.xcdatamodeld */; };
		822DC03623329C370056D788 /* Assets.xcassets in Resources */ = {isa = PBXBuildFile; fileRef = 822DC03523329C370056D788 /* Assets.xcassets */; };
		822DC03923329C370056D788 /* LaunchScreen.storyboard in Resources */ = {isa = PBXBuildFile; fileRef = 822DC03723329C370056D788 /* LaunchScreen.storyboard */; };
		822DC04A2332A0DE0056D788 /* Reusable.swift in Sources */ = {isa = PBXBuildFile; fileRef = 822DC0492332A0DE0056D788 /* Reusable.swift */; };
		822DC04C2332A1250056D788 /* Treatment.swift in Sources */ = {isa = PBXBuildFile; fileRef = 822DC04B2332A1250056D788 /* Treatment.swift */; };
		822DC04E2332A1480056D788 /* Patient.swift in Sources */ = {isa = PBXBuildFile; fileRef = 822DC04D2332A1480056D788 /* Patient.swift */; };
		822DC0542332BC480056D788 /* UIImageView+Extension.swift in Sources */ = {isa = PBXBuildFile; fileRef = 822DC0532332BC480056D788 /* UIImageView+Extension.swift */; };
/* End PBXBuildFile section */

/* Begin PBXFileReference section */
		822DC02823329C350056D788 /* eTreatMD_Exercise.app */ = {isa = PBXFileReference; explicitFileType = wrapper.application; includeInIndex = 0; path = eTreatMD_Exercise.app; sourceTree = BUILT_PRODUCTS_DIR; };
		822DC02B23329C350056D788 /* AppDelegate.swift */ = {isa = PBXFileReference; lastKnownFileType = sourcecode.swift; path = AppDelegate.swift; sourceTree = "<group>"; };
		822DC03023329C350056D788 /* Base */ = {isa = PBXFileReference; lastKnownFileType = file.storyboard; name = Base; path = Base.lproj/Main.storyboard; sourceTree = "<group>"; };
		822DC03323329C350056D788 /* eTreatMD_Exercise.xcdatamodel */ = {isa = PBXFileReference; lastKnownFileType = wrapper.xcdatamodel; path = eTreatMD_Exercise.xcdatamodel; sourceTree = "<group>"; };
		822DC03523329C370056D788 /* Assets.xcassets */ = {isa = PBXFileReference; lastKnownFileType = folder.assetcatalog; path = Assets.xcassets; sourceTree = "<group>"; };
		822DC03823329C370056D788 /* Base */ = {isa = PBXFileReference; lastKnownFileType = file.storyboard; name = Base; path = Base.lproj/LaunchScreen.storyboard; sourceTree = "<group>"; };
		822DC03A23329C370056D788 /* Info.plist */ = {isa = PBXFileReference; lastKnownFileType = text.plist.xml; path = Info.plist; sourceTree = "<group>"; };
		822DC0492332A0DE0056D788 /* Reusable.swift */ = {isa = PBXFileReference; lastKnownFileType = sourcecode.swift; path = Reusable.swift; sourceTree = "<group>"; };
		822DC04B2332A1250056D788 /* Treatment.swift */ = {isa = PBXFileReference; lastKnownFileType = sourcecode.swift; path = Treatment.swift; sourceTree = "<group>"; };
		822DC04D2332A1480056D788 /* Patient.swift */ = {isa = PBXFileReference; lastKnownFileType = sourcecode.swift; path = Patient.swift; sourceTree = "<group>"; };
		822DC0532332BC480056D788 /* UIImageView+Extension.swift */ = {isa = PBXFileReference; lastKnownFileType = sourcecode.swift; path = "UIImageView+Extension.swift"; sourceTree = "<group>"; };
		B4E2A3C534CD12C8311BF52C /* Pods_eTreatMD_Exercise.framework */ = {isa = PBXFileReference; explicitFileType = wrapper.framework; includeInIndex = 0; path = Pods_eTreatMD_Exercise.framework; sourceTree = BUILT_PRODUCTS_DIR; };
		E19D0C0C377E37244327EE41 /* Pods-eTreatMD_Exercise.debug.xcconfig */ = {isa = PBXFileReference; includeInIndex = 1; lastKnownFileType = text.xcconfig; name = "Pods-eTreatMD_Exercise.debug.xcconfig"; path = "Target Support Files/Pods-eTreatMD_Exercise/Pods-eTreatMD_Exercise.debug.xcconfig"; sourceTree = "<group>"; };
		FDD79D14FE64A3F32800F262 /* Pods-eTreatMD_Exercise.release.xcconfig */ = {isa = PBXFileReference; includeInIndex = 1; lastKnownFileType = text.xcconfig; name = "Pods-eTreatMD_Exercise.release.xcconfig"; path = "Target Support Files/Pods-eTreatMD_Exercise/Pods-eTreatMD_Exercise.release.xcconfig"; sourceTree = "<group>"; };
/* End PBXFileReference section */

/* Begin PBXFrameworksBuildPhase section */
		822DC02523329C350056D788 /* Frameworks */ = {
			isa = PBXFrameworksBuildPhase;
			buildActionMask = 2147483647;
			files = (
				21C783D50A62C0D8B7279E04 /* Pods_eTreatMD_Exercise.framework in Frameworks */,
			);
			runOnlyForDeploymentPostprocessing = 0;
		};
/* End PBXFrameworksBuildPhase section */

/* Begin PBXGroup section */
		822DC01F23329C350056D788 = {
			isa = PBXGroup;
			children = (
				822DC02A23329C350056D788 /* eTreatMD_Exercise */,
				822DC02923329C350056D788 /* Products */,
				DA4A075E0E022915BA3A4A01 /* Pods */,
				BE28892971BB9E1155B24B20 /* Frameworks */,
			);
			sourceTree = "<group>";
		};
		822DC02923329C350056D788 /* Products */ = {
			isa = PBXGroup;
			children = (
				822DC02823329C350056D788 /* eTreatMD_Exercise.app */,
			);
			name = Products;
			sourceTree = "<group>";
		};
		822DC02A23329C350056D788 /* eTreatMD_Exercise */ = {
			isa = PBXGroup;
			children = (
				822DC02B23329C350056D788 /* AppDelegate.swift */,
				822DC04023329FC80056D788 /* Models */,
				822DC04123329FD70056D788 /* Views */,
				822DC04223329FDE0056D788 /* Controllers */,
				822DC04323329FEC0056D788 /* Utilities */,
				822DC0442332A00E0056D788 /* Designs */,
				822DC0452332A04E0056D788 /* CoreData */,
				822DC03A23329C370056D788 /* Info.plist */,
			);
			path = eTreatMD_Exercise;
			sourceTree = "<group>";
		};
		822DC04023329FC80056D788 /* Models */ = {
			isa = PBXGroup;
			children = (
				822DC04B2332A1250056D788 /* Treatment.swift */,
				822DC04D2332A1480056D788 /* Patient.swift */,
			);
			path = Models;
			sourceTree = "<group>";
		};
		822DC04123329FD70056D788 /* Views */ = {
			isa = PBXGroup;
			children = (
				822DC03723329C370056D788 /* LaunchScreen.storyboard */,
				822DC02F23329C350056D788 /* Main.storyboard */,
			);
			path = Views;
			sourceTree = "<group>";
		};
		822DC04223329FDE0056D788 /* Controllers */ = {
			isa = PBXGroup;
			children = (
				822DC04F2332A1530056D788 /* Treatment */,
				822DC0502332BBB80056D788 /* Body */,
				822DC0512332BBC20056D788 /* Patient */,
				822DC0522332BBEE0056D788 /* Patient Info */,
			);
			path = Controllers;
			sourceTree = "<group>";
		};
		822DC04323329FEC0056D788 /* Utilities */ = {
			isa = PBXGroup;
			children = (
				822DC0482332A0880056D788 /* CustomCells */,
				822DC0472332A0800056D788 /* Extensions */,
				822DC0462332A06C0056D788 /* Services */,
				822DC0492332A0DE0056D788 /* Reusable.swift */,
			);
			path = Utilities;
			sourceTree = "<group>";
		};
		822DC0442332A00E0056D788 /* Designs */ = {
			isa = PBXGroup;
			children = (
				822DC03523329C370056D788 /* Assets.xcassets */,
			);
			path = Designs;
			sourceTree = "<group>";
		};
		822DC0452332A04E0056D788 /* CoreData */ = {
			isa = PBXGroup;
			children = (
				822DC03223329C350056D788 /* eTreatMD_Exercise.xcdatamodeld */,
			);
			path = CoreData;
			sourceTree = "<group>";
		};
		822DC0462332A06C0056D788 /* Services */ = {
			isa = PBXGroup;
			children = (
			);
			path = Services;
			sourceTree = "<group>";
		};
		822DC0472332A0800056D788 /* Extensions */ = {
			isa = PBXGroup;
			children = (
				822DC0532332BC480056D788 /* UIImageView+Extension.swift */,
			);
			path = Extensions;
			sourceTree = "<group>";
		};
		822DC0482332A0880056D788 /* CustomCells */ = {
			isa = PBXGroup;
			children = (
			);
			path = CustomCells;
			sourceTree = "<group>";
		};
		822DC04F2332A1530056D788 /* Treatment */ = {
			isa = PBXGroup;
			children = (
			);
			path = Treatment;
			sourceTree = "<group>";
		};
		822DC0502332BBB80056D788 /* Body */ = {
			isa = PBXGroup;
			children = (
			);
			path = Body;
			sourceTree = "<group>";
		};
		822DC0512332BBC20056D788 /* Patient */ = {
			isa = PBXGroup;
			children = (
			);
			path = Patient;
			sourceTree = "<group>";
		};
		822DC0522332BBEE0056D788 /* Patient Info */ = {
			isa = PBXGroup;
			children = (
			);
			path = "Patient Info";
			sourceTree = "<group>";
		};
		BE28892971BB9E1155B24B20 /* Frameworks */ = {
			isa = PBXGroup;
			children = (
				B4E2A3C534CD12C8311BF52C /* Pods_eTreatMD_Exercise.framework */,
			);
			name = Frameworks;
			sourceTree = "<group>";
		};
		DA4A075E0E022915BA3A4A01 /* Pods */ = {
			isa = PBXGroup;
			children = (
				E19D0C0C377E37244327EE41 /* Pods-eTreatMD_Exercise.debug.xcconfig */,
				FDD79D14FE64A3F32800F262 /* Pods-eTreatMD_Exercise.release.xcconfig */,
			);
			path = Pods;
			sourceTree = "<group>";
		};
/* End PBXGroup section */

/* Begin PBXNativeTarget section */
		822DC02723329C350056D788 /* eTreatMD_Exercise */ = {
			isa = PBXNativeTarget;
			buildConfigurationList = 822DC03D23329C370056D788 /* Build configuration list for PBXNativeTarget "eTreatMD_Exercise" */;
			buildPhases = (
				BFE0D95CFB7BDDF5F70FCDC7 /* [CP] Check Pods Manifest.lock */,
				822DC02423329C350056D788 /* Sources */,
				822DC02523329C350056D788 /* Frameworks */,
				822DC02623329C350056D788 /* Resources */,
			);
			buildRules = (
			);
			dependencies = (
			);
			name = eTreatMD_Exercise;
			productName = eTreatMD_Exercise;
			productReference = 822DC02823329C350056D788 /* eTreatMD_Exercise.app */;
			productType = "com.apple.product-type.application";
		};
/* End PBXNativeTarget section */

/* Begin PBXProject section */
		822DC02023329C350056D788 /* Project object */ = {
			isa = PBXProject;
			attributes = {
				LastSwiftUpdateCheck = 1030;
				LastUpgradeCheck = 1030;
				TargetAttributes = {
					822DC02723329C350056D788 = {
						CreatedOnToolsVersion = 10.3;
					};
				};
			};
			buildConfigurationList = 822DC02323329C350056D788 /* Build configuration list for PBXProject "eTreatMD_Exercise" */;
			compatibilityVersion = "Xcode 9.3";
			developmentRegion = en;
			hasScannedForEncodings = 0;
			knownRegions = (
				en,
				Base,
			);
			mainGroup = 822DC01F23329C350056D788;
			productRefGroup = 822DC02923329C350056D788 /* Products */;
			projectDirPath = "";
			projectRoot = "";
			targets = (
				822DC02723329C350056D788 /* eTreatMD_Exercise */,
			);
		};
/* End PBXProject section */

/* Begin PBXResourcesBuildPhase section */
		822DC02623329C350056D788 /* Resources */ = {
			isa = PBXResourcesBuildPhase;
			buildActionMask = 2147483647;
			files = (
				822DC03923329C370056D788 /* LaunchScreen.storyboard in Resources */,
				822DC03623329C370056D788 /* Assets.xcassets in Resources */,
				822DC03123329C350056D788 /* Main.storyboard in Resources */,
			);
			runOnlyForDeploymentPostprocessing = 0;
		};
/* End PBXResourcesBuildPhase section */

/* Begin PBXShellScriptBuildPhase section */
		BFE0D95CFB7BDDF5F70FCDC7 /* [CP] Check Pods Manifest.lock */ = {
			isa = PBXShellScriptBuildPhase;
			buildActionMask = 2147483647;
			files = (
			);
			inputFileListPaths = (
			);
			inputPaths = (
				"${PODS_PODFILE_DIR_PATH}/Podfile.lock",
				"${PODS_ROOT}/Manifest.lock",
			);
			name = "[CP] Check Pods Manifest.lock";
			outputFileListPaths = (
			);
			outputPaths = (
				"$(DERIVED_FILE_DIR)/Pods-eTreatMD_Exercise-checkManifestLockResult.txt",
			);
			runOnlyForDeploymentPostprocessing = 0;
			shellPath = /bin/sh;
			shellScript = "diff \"${PODS_PODFILE_DIR_PATH}/Podfile.lock\" \"${PODS_ROOT}/Manifest.lock\" > /dev/null\nif [ $? != 0 ] ; then\n    # print error to STDERR\n    echo \"error: The sandbox is not in sync with the Podfile.lock. Run 'pod install' or update your CocoaPods installation.\" >&2\n    exit 1\nfi\n# This output is used by Xcode 'outputs' to avoid re-running this script phase.\necho \"SUCCESS\" > \"${SCRIPT_OUTPUT_FILE_0}\"\n";
			showEnvVarsInLog = 0;
		};
/* End PBXShellScriptBuildPhase section */

/* Begin PBXSourcesBuildPhase section */
		822DC02423329C350056D788 /* Sources */ = {
			isa = PBXSourcesBuildPhase;
			buildActionMask = 2147483647;
			files = (
				822DC0542332BC480056D788 /* UIImageView+Extension.swift in Sources */,
				822DC04A2332A0DE0056D788 /* Reusable.swift in Sources */,
				822DC03423329C350056D788 /* eTreatMD_Exercise.xcdatamodeld in Sources */,
				822DC04C2332A1250056D788 /* Treatment.swift in Sources */,
				822DC02C23329C350056D788 /* AppDelegate.swift in Sources */,
				822DC04E2332A1480056D788 /* Patient.swift in Sources */,
			);
			runOnlyForDeploymentPostprocessing = 0;
		};
/* End PBXSourcesBuildPhase section */

/* Begin PBXVariantGroup section */
		822DC02F23329C350056D788 /* Main.storyboard */ = {
			isa = PBXVariantGroup;
			children = (
				822DC03023329C350056D788 /* Base */,
			);
			name = Main.storyboard;
			sourceTree = "<group>";
		};
		822DC03723329C370056D788 /* LaunchScreen.storyboard */ = {
			isa = PBXVariantGroup;
			children = (
				822DC03823329C370056D788 /* Base */,
			);
			name = LaunchScreen.storyboard;
			sourceTree = "<group>";
		};
/* End PBXVariantGroup section */

/* Begin XCBuildConfiguration section */
		822DC03B23329C370056D788 /* Debug */ = {
			isa = XCBuildConfiguration;
			buildSettings = {
				ALWAYS_SEARCH_USER_PATHS = NO;
				CLANG_ANALYZER_NONNULL = YES;
				CLANG_ANALYZER_NUMBER_OBJECT_CONVERSION = YES_AGGRESSIVE;
				CLANG_CXX_LANGUAGE_STANDARD = "gnu++14";
				CLANG_CXX_LIBRARY = "libc++";
				CLANG_ENABLE_MODULES = YES;
				CLANG_ENABLE_OBJC_ARC = YES;
				CLANG_ENABLE_OBJC_WEAK = YES;
				CLANG_WARN_BLOCK_CAPTURE_AUTORELEASING = YES;
				CLANG_WARN_BOOL_CONVERSION = YES;
				CLANG_WARN_COMMA = YES;
				CLANG_WARN_CONSTANT_CONVERSION = YES;
				CLANG_WARN_DEPRECATED_OBJC_IMPLEMENTATIONS = YES;
				CLANG_WARN_DIRECT_OBJC_ISA_USAGE = YES_ERROR;
				CLANG_WARN_DOCUMENTATION_COMMENTS = YES;
				CLANG_WARN_EMPTY_BODY = YES;
				CLANG_WARN_ENUM_CONVERSION = YES;
				CLANG_WARN_INFINITE_RECURSION = YES;
				CLANG_WARN_INT_CONVERSION = YES;
				CLANG_WARN_NON_LITERAL_NULL_CONVERSION = YES;
				CLANG_WARN_OBJC_IMPLICIT_RETAIN_SELF = YES;
				CLANG_WARN_OBJC_LITERAL_CONVERSION = YES;
				CLANG_WARN_OBJC_ROOT_CLASS = YES_ERROR;
				CLANG_WARN_RANGE_LOOP_ANALYSIS = YES;
				CLANG_WARN_STRICT_PROTOTYPES = YES;
				CLANG_WARN_SUSPICIOUS_MOVE = YES;
				CLANG_WARN_UNGUARDED_AVAILABILITY = YES_AGGRESSIVE;
				CLANG_WARN_UNREACHABLE_CODE = YES;
				CLANG_WARN__DUPLICATE_METHOD_MATCH = YES;
				CODE_SIGN_IDENTITY = "iPhone Developer";
				COPY_PHASE_STRIP = NO;
				DEBUG_INFORMATION_FORMAT = dwarf;
				ENABLE_STRICT_OBJC_MSGSEND = YES;
				ENABLE_TESTABILITY = YES;
				GCC_C_LANGUAGE_STANDARD = gnu11;
				GCC_DYNAMIC_NO_PIC = NO;
				GCC_NO_COMMON_BLOCKS = YES;
				GCC_OPTIMIZATION_LEVEL = 0;
				GCC_PREPROCESSOR_DEFINITIONS = (
					"DEBUG=1",
					"$(inherited)",
				);
				GCC_WARN_64_TO_32_BIT_CONVERSION = YES;
				GCC_WARN_ABOUT_RETURN_TYPE = YES_ERROR;
				GCC_WARN_UNDECLARED_SELECTOR = YES;
				GCC_WARN_UNINITIALIZED_AUTOS = YES_AGGRESSIVE;
				GCC_WARN_UNUSED_FUNCTION = YES;
				GCC_WARN_UNUSED_VARIABLE = YES;
				IPHONEOS_DEPLOYMENT_TARGET = 12.4;
				MTL_ENABLE_DEBUG_INFO = INCLUDE_SOURCE;
				MTL_FAST_MATH = YES;
				ONLY_ACTIVE_ARCH = YES;
				SDKROOT = iphoneos;
				SWIFT_ACTIVE_COMPILATION_CONDITIONS = DEBUG;
				SWIFT_OPTIMIZATION_LEVEL = "-Onone";
			};
			name = Debug;
		};
		822DC03C23329C370056D788 /* Release */ = {
			isa = XCBuildConfiguration;
			buildSettings = {
				ALWAYS_SEARCH_USER_PATHS = NO;
				CLANG_ANALYZER_NONNULL = YES;
				CLANG_ANALYZER_NUMBER_OBJECT_CONVERSION = YES_AGGRESSIVE;
				CLANG_CXX_LANGUAGE_STANDARD = "gnu++14";
				CLANG_CXX_LIBRARY = "libc++";
				CLANG_ENABLE_MODULES = YES;
				CLANG_ENABLE_OBJC_ARC = YES;
				CLANG_ENABLE_OBJC_WEAK = YES;
				CLANG_WARN_BLOCK_CAPTURE_AUTORELEASING = YES;
				CLANG_WARN_BOOL_CONVERSION = YES;
				CLANG_WARN_COMMA = YES;
				CLANG_WARN_CONSTANT_CONVERSION = YES;
				CLANG_WARN_DEPRECATED_OBJC_IMPLEMENTATIONS = YES;
				CLANG_WARN_DIRECT_OBJC_ISA_USAGE = YES_ERROR;
				CLANG_WARN_DOCUMENTATION_COMMENTS = YES;
				CLANG_WARN_EMPTY_BODY = YES;
				CLANG_WARN_ENUM_CONVERSION = YES;
				CLANG_WARN_INFINITE_RECURSION = YES;
				CLANG_WARN_INT_CONVERSION = YES;
				CLANG_WARN_NON_LITERAL_NULL_CONVERSION = YES;
				CLANG_WARN_OBJC_IMPLICIT_RETAIN_SELF = YES;
				CLANG_WARN_OBJC_LITERAL_CONVERSION = YES;
				CLANG_WARN_OBJC_ROOT_CLASS = YES_ERROR;
				CLANG_WARN_RANGE_LOOP_ANALYSIS = YES;
				CLANG_WARN_STRICT_PROTOTYPES = YES;
				CLANG_WARN_SUSPICIOUS_MOVE = YES;
				CLANG_WARN_UNGUARDED_AVAILABILITY = YES_AGGRESSIVE;
				CLANG_WARN_UNREACHABLE_CODE = YES;
				CLANG_WARN__DUPLICATE_METHOD_MATCH = YES;
				CODE_SIGN_IDENTITY = "iPhone Developer";
				COPY_PHASE_STRIP = NO;
				DEBUG_INFORMATION_FORMAT = "dwarf-with-dsym";
				ENABLE_NS_ASSERTIONS = NO;
				ENABLE_STRICT_OBJC_MSGSEND = YES;
				GCC_C_LANGUAGE_STANDARD = gnu11;
				GCC_NO_COMMON_BLOCKS = YES;
				GCC_WARN_64_TO_32_BIT_CONVERSION = YES;
				GCC_WARN_ABOUT_RETURN_TYPE = YES_ERROR;
				GCC_WARN_UNDECLARED_SELECTOR = YES;
				GCC_WARN_UNINITIALIZED_AUTOS = YES_AGGRESSIVE;
				GCC_WARN_UNUSED_FUNCTION = YES;
				GCC_WARN_UNUSED_VARIABLE = YES;
				IPHONEOS_DEPLOYMENT_TARGET = 12.4;
				MTL_ENABLE_DEBUG_INFO = NO;
				MTL_FAST_MATH = YES;
				SDKROOT = iphoneos;
				SWIFT_COMPILATION_MODE = wholemodule;
				SWIFT_OPTIMIZATION_LEVEL = "-O";
				VALIDATE_PRODUCT = YES;
			};
			name = Release;
		};
		822DC03E23329C370056D788 /* Debug */ = {
			isa = XCBuildConfiguration;
			baseConfigurationReference = E19D0C0C377E37244327EE41 /* Pods-eTreatMD_Exercise.debug.xcconfig */;
			buildSettings = {
				ASSETCATALOG_COMPILER_APPICON_NAME = AppIcon;
				CODE_SIGN_STYLE = Automatic;
				DEVELOPMENT_TEAM = CM7TVT93QB;
				INFOPLIST_FILE = eTreatMD_Exercise/Info.plist;
				LD_RUNPATH_SEARCH_PATHS = (
					"$(inherited)",
					"@executable_path/Frameworks",
				);
				PRODUCT_BUNDLE_IDENTIFIER = "com.jason.eTreatMD-Exercise";
				PRODUCT_NAME = "$(TARGET_NAME)";
				SWIFT_VERSION = 5.0;
				TARGETED_DEVICE_FAMILY = "1,2";
			};
			name = Debug;
		};
		822DC03F23329C370056D788 /* Release */ = {
			isa = XCBuildConfiguration;
			baseConfigurationReference = FDD79D14FE64A3F32800F262 /* Pods-eTreatMD_Exercise.release.xcconfig */;
			buildSettings = {
				ASSETCATALOG_COMPILER_APPICON_NAME = AppIcon;
				CODE_SIGN_STYLE = Automatic;
				DEVELOPMENT_TEAM = CM7TVT93QB;
				INFOPLIST_FILE = eTreatMD_Exercise/Info.plist;
				LD_RUNPATH_SEARCH_PATHS = (
					"$(inherited)",
					"@executable_path/Frameworks",
				);
				PRODUCT_BUNDLE_IDENTIFIER = "com.jason.eTreatMD-Exercise";
				PRODUCT_NAME = "$(TARGET_NAME)";
				SWIFT_VERSION = 5.0;
				TARGETED_DEVICE_FAMILY = "1,2";
			};
			name = Release;
		};
/* End XCBuildConfiguration section */

/* Begin XCConfigurationList section */
		822DC02323329C350056D788 /* Build configuration list for PBXProject "eTreatMD_Exercise" */ = {
			isa = XCConfigurationList;
			buildConfigurations = (
				822DC03B23329C370056D788 /* Debug */,
				822DC03C23329C370056D788 /* Release */,
			);
			defaultConfigurationIsVisible = 0;
			defaultConfigurationName = Release;
		};
		822DC03D23329C370056D788 /* Build configuration list for PBXNativeTarget "eTreatMD_Exercise" */ = {
			isa = XCConfigurationList;
			buildConfigurations = (
				822DC03E23329C370056D788 /* Debug */,
				822DC03F23329C370056D788 /* Release */,
			);
			defaultConfigurationIsVisible = 0;
			defaultConfigurationName = Release;
		};
/* End XCConfigurationList section */

/* Begin XCVersionGroup section */
		822DC03223329C350056D788 /* eTreatMD_Exercise.xcdatamodeld */ = {
			isa = XCVersionGroup;
			children = (
				822DC03323329C350056D788 /* eTreatMD_Exercise.xcdatamodel */,
			);
			currentVersion = 822DC03323329C350056D788 /* eTreatMD_Exercise.xcdatamodel */;
			path = eTreatMD_Exercise.xcdatamodeld;
			sourceTree = "<group>";
			versionGroupType = wrapper.xcdatamodel;
		};
/* End XCVersionGroup section */
	};
	rootObject = 822DC02023329C350056D788 /* Project object */;
}
